
Microsoft Visual Studio Solution File, Format Version 12.00
# Visual Studio Version 16
VisualStudioVersion = 16.0.31410.357
MinimumVisualStudioVersion = 10.0.40219.1
Project("{FAE04EC0-301F-11D3-BF4B-00C04F79EFBC}") = "Web1.Server", "Web1\Web1.Server\Web1.Server.csproj", "{F8297BD0-5E59-436A-8921-14F03EF7D965}"
EndProject
Project("{13B669BE-BB05-4DDF-9536-439F39A36129}") = "Web1", "Web1\Web1\Web1.msbuildproj", "{4329C3D6-3EF7-412D-B1C4-B04C794187ED}"
EndProject
Global
	GlobalSection(SolutionConfigurationPlatforms) = preSolution
		Debug|Any CPU = Debug|Any CPU
		Release|Any CPU = Release|Any CPU
	EndGlobalSection
	GlobalSection(ProjectConfigurationPlatforms) = postSolution
		{F8297BD0-5E59-436A-8921-14F03EF7D965}.Debug|Any CPU.ActiveCfg = Debug|Any CPU
		{F8297BD0-5E59-436A-8921-14F03EF7D965}.Debug|Any CPU.Build.0 = Debug|Any CPU
		{F8297BD0-5E59-436A-8921-14F03EF7D965}.Release|Any CPU.ActiveCfg = Release|Any CPU
		{F8297BD0-5E59-436A-8921-14F03EF7D965}.Release|Any CPU.Build.0 = Release|Any CPU
		{4329C3D6-3EF7-412D-B1C4-B04C794187ED}.Debug|Any CPU.ActiveCfg = Debug|Any CPU
		{4329C3D6-3EF7-412D-B1C4-B04C794187ED}.Debug|Any CPU.Build.0 = Debug|Any CPU
		{4329C3D6-3EF7-412D-B1C4-B04C794187ED}.Release|Any CPU.ActiveCfg = Release|Any CPU
		{4329C3D6-3EF7-412D-B1C4-B04C794187ED}.Release|Any CPU.Build.0 = Release|Any CPU
	EndGlobalSection
	GlobalSection(SolutionProperties) = preSolution
		HideSolutionNode = FALSE
	EndGlobalSection
	GlobalSection(ExtensibilityGlobals) = postSolution
		SolutionGuid = {D65A9975-6B5D-4925-AB30-906B8DA9514E}
	EndGlobalSection
EndGlobal
